
Microsoft Visual Studio Solution File, Format Version 12.00
# Visual Studio Version 17
VisualStudioVersion = 17.9.34728.123
MinimumVisualStudioVersion = 10.0.40219.1
Project("{FAE04EC0-301F-11D3-BF4B-00C04F79EFBC}") = "JSONParser", "JSONParser.csproj", "{3F735E84-D672-4B98-A81D-0C624A5E1746}"
EndProject
Project("{FAE04EC0-301F-11D3-BF4B-00C04F79EFBC}") = "Tests", "..\Tests\Tests.csproj", "{CD3E94A6-1193-47C5-8E91-310DA7E8524A}"
EndProject
Global
	GlobalSection(SolutionConfigurationPlatforms) = preSolution
		Debug|Any CPU = Debug|Any CPU
		Release|Any CPU = Release|Any CPU
	EndGlobalSection
	GlobalSection(ProjectConfigurationPlatforms) = postSolution
		{3F735E84-D672-4B98-A81D-0C624A5E1746}.Debug|Any CPU.ActiveCfg = Debug|Any CPU
		{3F735E84-D672-4B98-A81D-0C624A5E1746}.Debug|Any CPU.Build.0 = Debug|Any CPU
		{3F735E84-D672-4B98-A81D-0C624A5E1746}.Release|Any CPU.ActiveCfg = Release|Any CPU
		{3F735E84-D672-4B98-A81D-0C624A5E1746}.Release|Any CPU.Build.0 = Release|Any CPU
		{CD3E94A6-1193-47C5-8E91-310DA7E8524A}.Debug|Any CPU.ActiveCfg = Debug|Any CPU
		{CD3E94A6-1193-47C5-8E91-310DA7E8524A}.Debug|Any CPU.Build.0 = Debug|Any CPU
		{CD3E94A6-1193-47C5-8E91-310DA7E8524A}.Release|Any CPU.ActiveCfg = Release|Any CPU
		{CD3E94A6-1193-47C5-8E91-310DA7E8524A}.Release|Any CPU.Build.0 = Release|Any CPU
	EndGlobalSection
	GlobalSection(SolutionProperties) = preSolution
		HideSolutionNode = FALSE
	EndGlobalSection
	GlobalSection(ExtensibilityGlobals) = postSolution
		SolutionGuid = {E4AB72DE-AC3B-417E-AC76-63142FF9502F}
	EndGlobalSection
EndGlobal
